// !$*UTF8*$!
{
	archiveVersion = 1;
	classes = {
	};
	objectVersion = 51;
	objects = {

/* Begin PBXBuildFile section */
		7501A4F627E20D3E00EB4EB0 /* Pretendard-Bold.otf in Resources */ = {isa = PBXBuildFile; fileRef = 7537B61527E00D8300A66F11 /* Pretendard-Bold.otf */; };
		7501A4F727E20D4000EB4EB0 /* Pretendard-Light.otf in Resources */ = {isa = PBXBuildFile; fileRef = 7537B61327E00D8300A66F11 /* Pretendard-Light.otf */; };
		7501A4F827E20D4500EB4EB0 /* Pretendard-Medium.otf in Resources */ = {isa = PBXBuildFile; fileRef = 7537B61427E00D8300A66F11 /* Pretendard-Medium.otf */; };
		7501A4F927E20D4800EB4EB0 /* Blatant-Bold.otf in Resources */ = {isa = PBXBuildFile; fileRef = 7537B61727E00E2100A66F11 /* Blatant-Bold.otf */; };
		7501A4FA27E20D4C00EB4EB0 /* Blatant-Regular.otf in Resources */ = {isa = PBXBuildFile; fileRef = 7537B61627E00E2100A66F11 /* Blatant-Regular.otf */; };
		7501A4FC27E239B500EB4EB0 /* MyNC.swift in Sources */ = {isa = PBXBuildFile; fileRef = 7501A4FB27E239B500EB4EB0 /* MyNC.swift */; };
		7501A4FF27E23B1E00EB4EB0 /* MySettingVC.swift in Sources */ = {isa = PBXBuildFile; fileRef = 7501A4FE27E23B1E00EB4EB0 /* MySettingVC.swift */; };
		75073B1C280F8080008814EE /* ChallengeAPI.swift in Sources */ = {isa = PBXBuildFile; fileRef = 75073B1B280F8080008814EE /* ChallengeAPI.swift */; };
		751A19F427E8A8890025812D /* UIColor+Extension.swift in Sources */ = {isa = PBXBuildFile; fileRef = 751A19F327E8A8890025812D /* UIColor+Extension.swift */; };
		75340CF928EF9CCB004DF0E5 /* FindFriendReactor.swift in Sources */ = {isa = PBXBuildFile; fileRef = 75340CF828EF9CCB004DF0E5 /* FindFriendReactor.swift */; };
		7537B61127E00A9800A66F11 /* MyVC.swift in Sources */ = {isa = PBXBuildFile; fileRef = 7537B61027E00A9800A66F11 /* MyVC.swift */; };
		753B0787286BC7CA00B62F35 /* CommunityTabBarController.swift in Sources */ = {isa = PBXBuildFile; fileRef = 753B0786286BC7CA00B62F35 /* CommunityTabBarController.swift */; };
		753B0789286BC7E700B62F35 /* CommunityVC.swift in Sources */ = {isa = PBXBuildFile; fileRef = 753B0788286BC7E700B62F35 /* CommunityVC.swift */; };
		753B078B286BC80200B62F35 /* CommunityFriendVC.swift in Sources */ = {isa = PBXBuildFile; fileRef = 753B078A286BC80200B62F35 /* CommunityFriendVC.swift */; };
		753B078D286BC82200B62F35 /* CommunityAllVC.swift in Sources */ = {isa = PBXBuildFile; fileRef = 753B078C286BC82200B62F35 /* CommunityAllVC.swift */; };
		753B078F286BC84500B62F35 /* FindFriendVC.swift in Sources */ = {isa = PBXBuildFile; fileRef = 753B078E286BC84500B62F35 /* FindFriendVC.swift */; };
		753EB1DB27EB65A300D20579 /* MyInfoVC.swift in Sources */ = {isa = PBXBuildFile; fileRef = 753EB1DA27EB65A300D20579 /* MyInfoVC.swift */; };
		7562CB35287656960004EC99 /* CreateChallengeVC.swift in Sources */ = {isa = PBXBuildFile; fileRef = 7562CB34287656960004EC99 /* CreateChallengeVC.swift */; };
		757C96782863E080005CCBA3 /* ChallengeDetailImageVC.swift in Sources */ = {isa = PBXBuildFile; fileRef = 757C96772863E080005CCBA3 /* ChallengeDetailImageVC.swift */; };
		757C967A2863E090005CCBA3 /* NoticeVC.swift in Sources */ = {isa = PBXBuildFile; fileRef = 757C96792863E090005CCBA3 /* NoticeVC.swift */; };
		757C967C2863E0A3005CCBA3 /* ChallengeCompleteVC.swift in Sources */ = {isa = PBXBuildFile; fileRef = 757C967B2863E0A3005CCBA3 /* ChallengeCompleteVC.swift */; };
		757C96802863E0E3005CCBA3 /* ChallengeShareVC.swift in Sources */ = {isa = PBXBuildFile; fileRef = 757C967F2863E0E3005CCBA3 /* ChallengeShareVC.swift */; };
		757C96822863E169005CCBA3 /* ChallengeExportVC.swift in Sources */ = {isa = PBXBuildFile; fileRef = 757C96812863E169005CCBA3 /* ChallengeExportVC.swift */; };
		757D45B028DBD837004DBC5A /* SplashVC.swift in Sources */ = {isa = PBXBuildFile; fileRef = 757D45AF28DBD837004DBC5A /* SplashVC.swift */; };
		757D66C92874FEDF00E3C5DE /* SelectChallengeThemeVC.swift in Sources */ = {isa = PBXBuildFile; fileRef = 757D66C82874FEDF00E3C5DE /* SelectChallengeThemeVC.swift */; };
		757D66CB2874FEFB00E3C5DE /* SelectChallengeVC.swift in Sources */ = {isa = PBXBuildFile; fileRef = 757D66CA2874FEFB00E3C5DE /* SelectChallengeVC.swift */; };
		757D66CD2875048900E3C5DE /* WelcomeVC.swift in Sources */ = {isa = PBXBuildFile; fileRef = 757D66CC2875048900E3C5DE /* WelcomeVC.swift */; };
		758B9FD628B83DF0001A40B5 /* Mission.swift in Sources */ = {isa = PBXBuildFile; fileRef = 758B9FD528B83DF0001A40B5 /* Mission.swift */; };
		758B9FD828B83E3A001A40B5 /* ExploreDetailReactor.swift in Sources */ = {isa = PBXBuildFile; fileRef = 758B9FD728B83E3A001A40B5 /* ExploreDetailReactor.swift */; };
		759BE93C28E2E2660072C9D8 /* BucketAnswerEnrollReactor.swift in Sources */ = {isa = PBXBuildFile; fileRef = 759BE93B28E2E2660072C9D8 /* BucketAnswerEnrollReactor.swift */; };
		759BE93E28E327E70072C9D8 /* BucketLinkPopupVC.swift in Sources */ = {isa = PBXBuildFile; fileRef = 759BE93D28E327E70072C9D8 /* BucketLinkPopupVC.swift */; };
		759CD62F28D14B9F00BFFFC7 /* SendEmailPopupVC.swift in Sources */ = {isa = PBXBuildFile; fileRef = 759CD62E28D14B9F00BFFFC7 /* SendEmailPopupVC.swift */; };
		759D326827C879E900A88C02 /* AppDelegate.swift in Sources */ = {isa = PBXBuildFile; fileRef = 759D326727C879E900A88C02 /* AppDelegate.swift */; };
		759D326C27C879E900A88C02 /* ViewController.swift in Sources */ = {isa = PBXBuildFile; fileRef = 759D326B27C879E900A88C02 /* ViewController.swift */; };
		759D326F27C879E900A88C02 /* Main.storyboard in Resources */ = {isa = PBXBuildFile; fileRef = 759D326D27C879E900A88C02 /* Main.storyboard */; };
		759D327127C879EA00A88C02 /* Assets.xcassets in Resources */ = {isa = PBXBuildFile; fileRef = 759D327027C879EA00A88C02 /* Assets.xcassets */; };
		759D327427C879EA00A88C02 /* LaunchScreen.storyboard in Resources */ = {isa = PBXBuildFile; fileRef = 759D327227C879EA00A88C02 /* LaunchScreen.storyboard */; };
		759D328127C8933000A88C02 /* My.storyboard in Resources */ = {isa = PBXBuildFile; fileRef = 759D328027C8933000A88C02 /* My.storyboard */; };
		759D328327C8933700A88C02 /* Community.storyboard in Resources */ = {isa = PBXBuildFile; fileRef = 759D328227C8933700A88C02 /* Community.storyboard */; };
		759D328527C8934500A88C02 /* Explore.storyboard in Resources */ = {isa = PBXBuildFile; fileRef = 759D328427C8934500A88C02 /* Explore.storyboard */; };
		759D328727C8935C00A88C02 /* Challenge.storyboard in Resources */ = {isa = PBXBuildFile; fileRef = 759D328627C8935C00A88C02 /* Challenge.storyboard */; };
		759D328B27C8A45000A88C02 /* ChallengeVC.swift in Sources */ = {isa = PBXBuildFile; fileRef = 759D328A27C8A45000A88C02 /* ChallengeVC.swift */; };
		759F12E028CFFCD0008D7947 /* MySettingReactor.swift in Sources */ = {isa = PBXBuildFile; fileRef = 759F12DF28CFFCD0008D7947 /* MySettingReactor.swift */; };
		75A41CF927E409D2009AD9D0 /* UIViewController+Extension.swift in Sources */ = {isa = PBXBuildFile; fileRef = 75A41CF827E409D2009AD9D0 /* UIViewController+Extension.swift */; };
		75A41CFC27E45D03009AD9D0 /* UIView+IBDesignable.swift in Sources */ = {isa = PBXBuildFile; fileRef = 75A41CFB27E45D03009AD9D0 /* UIView+IBDesignable.swift */; };
		75A41CFE27E45F10009AD9D0 /* UIView+Extension.swift in Sources */ = {isa = PBXBuildFile; fileRef = 75A41CFD27E45F10009AD9D0 /* UIView+Extension.swift */; };
		75A7741928DD2BAA00B7775C /* String+Extension.swift in Sources */ = {isa = PBXBuildFile; fileRef = 75A7741828DD2BAA00B7775C /* String+Extension.swift */; };
		75A7741B28DD2C5000B7775C /* Date+Extension.swift in Sources */ = {isa = PBXBuildFile; fileRef = 75A7741A28DD2C5000B7775C /* Date+Extension.swift */; };
		75A7741D28DD2D0600B7775C /* UIImageView+Extension.swift in Sources */ = {isa = PBXBuildFile; fileRef = 75A7741C28DD2D0600B7775C /* UIImageView+Extension.swift */; };
		75B6B3C128EEF2E10081AA36 /* ChallengeExportReactor.swift in Sources */ = {isa = PBXBuildFile; fileRef = 75B6B3C028EEF2E10081AA36 /* ChallengeExportReactor.swift */; };
		75C586C527E300D40022B5D8 /* ExploreVC.swift in Sources */ = {isa = PBXBuildFile; fileRef = 75C586C427E300D40022B5D8 /* ExploreVC.swift */; };
		75C586C827E307D50022B5D8 /* ExploreListVC.swift in Sources */ = {isa = PBXBuildFile; fileRef = 75C586C727E307D50022B5D8 /* ExploreListVC.swift */; };
		75C586CA27E30ABC0022B5D8 /* ExploreDetailVC.swift in Sources */ = {isa = PBXBuildFile; fileRef = 75C586C927E30ABC0022B5D8 /* ExploreDetailVC.swift */; };
		75C8C3EA28E2CBD100F8BA39 /* BucketAnswerEnrollVC.swift in Sources */ = {isa = PBXBuildFile; fileRef = 75C8C3E928E2CBD100F8BA39 /* BucketAnswerEnrollVC.swift */; };
		75D4EF932810D346001E531D /* ChallengeService.swift in Sources */ = {isa = PBXBuildFile; fileRef = 75D4EF922810D346001E531D /* ChallengeService.swift */; };
		75E2AF7D28B2F9D70036DEA5 /* ExploreListReactor.swift in Sources */ = {isa = PBXBuildFile; fileRef = 75E2AF7C28B2F9D70036DEA5 /* ExploreListReactor.swift */; };
		75E58EC427FE5DE100A87E73 /* Network.swift in Sources */ = {isa = PBXBuildFile; fileRef = 75E58EC327FE5DE100A87E73 /* Network.swift */; };
		75E58EC727FE5E7500A87E73 /* BaseAPI.swift in Sources */ = {isa = PBXBuildFile; fileRef = 75E58EC627FE5E7500A87E73 /* BaseAPI.swift */; };
		75E98C41287CEA8A009DBDC2 /* ExploreReactor.swift in Sources */ = {isa = PBXBuildFile; fileRef = 75E98C40287CEA8A009DBDC2 /* ExploreReactor.swift */; };
		75E98C43287CEB03009DBDC2 /* Category.swift in Sources */ = {isa = PBXBuildFile; fileRef = 75E98C42287CEB03009DBDC2 /* Category.swift */; };
		75FB568D28E3BEE0004BB16A /* BucketDetailVC.swift in Sources */ = {isa = PBXBuildFile; fileRef = 75FB568C28E3BEE0004BB16A /* BucketDetailVC.swift */; };
		DCBE380F2BCEEBBA85A7E593 /* Pods_Thirty.framework in Frameworks */ = {isa = PBXBuildFile; fileRef = A78D5F9FD5D8F7A52AB2972A /* Pods_Thirty.framework */; };
		F913CD9028F3100E001AA913 /* welcome_motion.json in Resources */ = {isa = PBXBuildFile; fileRef = F913CD8E28F3100E001AA913 /* welcome_motion.json */; };
		F913CD9128F3100E001AA913 /* splash_motion.json in Resources */ = {isa = PBXBuildFile; fileRef = F913CD8F28F3100E001AA913 /* splash_motion.json */; };
		F91A251027FC642B0037BDA7 /* LoginVC.swift in Sources */ = {isa = PBXBuildFile; fileRef = F91A250F27FC642B0037BDA7 /* LoginVC.swift */; };
		F91A251227FC643B0037BDA7 /* SignUpVC.swift in Sources */ = {isa = PBXBuildFile; fileRef = F91A251127FC643B0037BDA7 /* SignUpVC.swift */; };
		F92028D928D9E8CA00B7714C /* Bucket.swift in Sources */ = {isa = PBXBuildFile; fileRef = F92028D828D9E8CA00B7714C /* Bucket.swift */; };
		F92F4A4A28CE2624005CF5AC /* UserService.swift in Sources */ = {isa = PBXBuildFile; fileRef = F92F4A4928CE2624005CF5AC /* UserService.swift */; };
		F9377F1228EB204200B99027 /* NoticeReactor.swift in Sources */ = {isa = PBXBuildFile; fileRef = F9377F1128EB204200B99027 /* NoticeReactor.swift */; };
		F9377F1428EB20B700B99027 /* Notice.swift in Sources */ = {isa = PBXBuildFile; fileRef = F9377F1328EB20B700B99027 /* Notice.swift */; };
		F9377F1628EB20FB00B99027 /* NoticeAPI.swift in Sources */ = {isa = PBXBuildFile; fileRef = F9377F1528EB20FB00B99027 /* NoticeAPI.swift */; };
		F93B5DC228EACA760005FA50 /* BucketDetailReactor.swift in Sources */ = {isa = PBXBuildFile; fileRef = F93B5DC128EACA760005FA50 /* BucketDetailReactor.swift */; };
		F96EBBB828D5AE2100FECD00 /* KeyChain.swift in Sources */ = {isa = PBXBuildFile; fileRef = F96EBBB728D5AE2100FECD00 /* KeyChain.swift */; };
		F96EBBBC28D5B59800FECD00 /* TokenManager.swift in Sources */ = {isa = PBXBuildFile; fileRef = F96EBBBB28D5B59800FECD00 /* TokenManager.swift */; };
		F96EBBBE28D5BA2700FECD00 /* ChallengeReactor.swift in Sources */ = {isa = PBXBuildFile; fileRef = F96EBBBD28D5BA2700FECD00 /* ChallengeReactor.swift */; };
		F96EBBC028D5BDD200FECD00 /* MyBadgeVC.swift in Sources */ = {isa = PBXBuildFile; fileRef = F96EBBBF28D5BDD200FECD00 /* MyBadgeVC.swift */; };
		F96EBBC228D5BDE000FECD00 /* MyBadgeReactor.swift in Sources */ = {isa = PBXBuildFile; fileRef = F96EBBC128D5BDE000FECD00 /* MyBadgeReactor.swift */; };
		F96EBBC428D5C15100FECD00 /* Badge.swift in Sources */ = {isa = PBXBuildFile; fileRef = F96EBBC328D5C15100FECD00 /* Badge.swift */; };
		F96EBBC628D5C22700FECD00 /* RewardAPI.swift in Sources */ = {isa = PBXBuildFile; fileRef = F96EBBC528D5C22700FECD00 /* RewardAPI.swift */; };
		F9727DFF2887F00300E9513B /* FindPwdVC.swift in Sources */ = {isa = PBXBuildFile; fileRef = F9727DFE2887F00300E9513B /* FindPwdVC.swift */; };
		F984DE4D27F1D4C90049EA83 /* .swiftlint.yml in Resources */ = {isa = PBXBuildFile; fileRef = F984DE4C27F1D4C90049EA83 /* .swiftlint.yml */; };
		F98C9AE628C4C225003A25CD /* ExploreVC2.swift in Sources */ = {isa = PBXBuildFile; fileRef = F98C9AE528C4C225003A25CD /* ExploreVC2.swift */; };
		F98C9AE828C4CC66003A25CD /* BucketAPI.swift in Sources */ = {isa = PBXBuildFile; fileRef = F98C9AE728C4CC66003A25CD /* BucketAPI.swift */; };
		F98C9AEA28C4CEC9003A25CD /* Token.swift in Sources */ = {isa = PBXBuildFile; fileRef = F98C9AE928C4CEC9003A25CD /* Token.swift */; };
		F99C6FD128F3195B00F5F1DD /* CommunityAPI.swift in Sources */ = {isa = PBXBuildFile; fileRef = F99C6FD028F3195B00F5F1DD /* CommunityAPI.swift */; };
		F9A65627288D02B300544D83 /* CommunityListCell.swift in Sources */ = {isa = PBXBuildFile; fileRef = F9A65626288D02B300544D83 /* CommunityListCell.swift */; };
		F9A65629288D07AB00544D83 /* Community.swift in Sources */ = {isa = PBXBuildFile; fileRef = F9A65628288D07AB00544D83 /* Community.swift */; };
		F9A6562B288D08CF00544D83 /* CommunityListViewModel.swift in Sources */ = {isa = PBXBuildFile; fileRef = F9A6562A288D08CF00544D83 /* CommunityListViewModel.swift */; };
		F9B0D46527EF654A0092F2B8 /* TabBarController.swift in Sources */ = {isa = PBXBuildFile; fileRef = F9B0D46427EF654A0092F2B8 /* TabBarController.swift */; };
		F9B0D46827EF67210092F2B8 /* CommunityNC.swift in Sources */ = {isa = PBXBuildFile; fileRef = F9B0D46727EF67210092F2B8 /* CommunityNC.swift */; };
		F9B4859427FC8926003A129B /* Challenge.swift in Sources */ = {isa = PBXBuildFile; fileRef = F9B4859327FC8926003A129B /* Challenge.swift */; };
		F9BC339D27EC9FB600F0C722 /* MyAlertVC.swift in Sources */ = {isa = PBXBuildFile; fileRef = F9BC339C27EC9FB600F0C722 /* MyAlertVC.swift */; };
		F9BC33A027EC9FD700F0C722 /* MyShareSettingVC.swift in Sources */ = {isa = PBXBuildFile; fileRef = F9BC339F27EC9FD700F0C722 /* MyShareSettingVC.swift */; };
		F9BC33A327EC9FFD00F0C722 /* MyNoticeVC.swift in Sources */ = {isa = PBXBuildFile; fileRef = F9BC33A227EC9FFD00F0C722 /* MyNoticeVC.swift */; };
		F9BC33A627ECA02700F0C722 /* MyAppInfoVC.swift in Sources */ = {isa = PBXBuildFile; fileRef = F9BC33A527ECA02700F0C722 /* MyAppInfoVC.swift */; };
		F9C6504928B9F49D0026405A /* SelectChallengeReactor.swift in Sources */ = {isa = PBXBuildFile; fileRef = F9C6504828B9F49D0026405A /* SelectChallengeReactor.swift */; };
		F9D3DBEA28EA995000E0C5A7 /* BucketStampPopupVC.swift in Sources */ = {isa = PBXBuildFile; fileRef = F9D3DBE928EA995000E0C5A7 /* BucketStampPopupVC.swift */; };
		F9D9B63028CB3970004AF18D /* ChangeNicknameVC.swift in Sources */ = {isa = PBXBuildFile; fileRef = F9D9B62F28CB3970004AF18D /* ChangeNicknameVC.swift */; };
		F9D9B63228CB3A77004AF18D /* ChangeNicknameReactor.swift in Sources */ = {isa = PBXBuildFile; fileRef = F9D9B63128CB3A77004AF18D /* ChangeNicknameReactor.swift */; };
		F9D9B63428CB472B004AF18D /* MyReactor.swift in Sources */ = {isa = PBXBuildFile; fileRef = F9D9B63328CB472B004AF18D /* MyReactor.swift */; };
		F9D9B63628CB4867004AF18D /* User.swift in Sources */ = {isa = PBXBuildFile; fileRef = F9D9B63528CB4867004AF18D /* User.swift */; };
		F9DCE45428C6CBC10089E772 /* SignUpReactor.swift in Sources */ = {isa = PBXBuildFile; fileRef = F9DCE45328C6CBC10089E772 /* SignUpReactor.swift */; };
		F9DCE45628C6CFE50089E772 /* AuthAPI.swift in Sources */ = {isa = PBXBuildFile; fileRef = F9DCE45528C6CFE50089E772 /* AuthAPI.swift */; };
		F9E01FC128CE1A7D00649EC7 /* WelcomePopupVC.swift in Sources */ = {isa = PBXBuildFile; fileRef = F9E01FC028CE1A7D00649EC7 /* WelcomePopupVC.swift */; };
/* End PBXBuildFile section */

/* Begin PBXFileReference section */
		71BEF133679519B33BEE5990 /* Pods-Thirty.debug.xcconfig */ = {isa = PBXFileReference; includeInIndex = 1; lastKnownFileType = text.xcconfig; name = "Pods-Thirty.debug.xcconfig"; path = "Target Support Files/Pods-Thirty/Pods-Thirty.debug.xcconfig"; sourceTree = "<group>"; };
		7501A4FB27E239B500EB4EB0 /* MyNC.swift */ = {isa = PBXFileReference; lastKnownFileType = sourcecode.swift; path = MyNC.swift; sourceTree = "<group>"; };
		7501A4FE27E23B1E00EB4EB0 /* MySettingVC.swift */ = {isa = PBXFileReference; lastKnownFileType = sourcecode.swift; path = MySettingVC.swift; sourceTree = "<group>"; };
		75073B1B280F8080008814EE /* ChallengeAPI.swift */ = {isa = PBXFileReference; lastKnownFileType = sourcecode.swift; path = ChallengeAPI.swift; sourceTree = "<group>"; };
		751A19F327E8A8890025812D /* UIColor+Extension.swift */ = {isa = PBXFileReference; lastKnownFileType = sourcecode.swift; path = "UIColor+Extension.swift"; sourceTree = "<group>"; };
		75340CF828EF9CCB004DF0E5 /* FindFriendReactor.swift */ = {isa = PBXFileReference; lastKnownFileType = sourcecode.swift; path = FindFriendReactor.swift; sourceTree = "<group>"; };
		7537B61027E00A9800A66F11 /* MyVC.swift */ = {isa = PBXFileReference; lastKnownFileType = sourcecode.swift; path = MyVC.swift; sourceTree = "<group>"; };
		7537B61327E00D8300A66F11 /* Pretendard-Light.otf */ = {isa = PBXFileReference; lastKnownFileType = file; path = "Pretendard-Light.otf"; sourceTree = "<group>"; };
		7537B61427E00D8300A66F11 /* Pretendard-Medium.otf */ = {isa = PBXFileReference; lastKnownFileType = file; path = "Pretendard-Medium.otf"; sourceTree = "<group>"; };
		7537B61527E00D8300A66F11 /* Pretendard-Bold.otf */ = {isa = PBXFileReference; lastKnownFileType = file; path = "Pretendard-Bold.otf"; sourceTree = "<group>"; };
		7537B61627E00E2100A66F11 /* Blatant-Regular.otf */ = {isa = PBXFileReference; lastKnownFileType = file; path = "Blatant-Regular.otf"; sourceTree = "<group>"; };
		7537B61727E00E2100A66F11 /* Blatant-Bold.otf */ = {isa = PBXFileReference; lastKnownFileType = file; path = "Blatant-Bold.otf"; sourceTree = "<group>"; };
		753B0786286BC7CA00B62F35 /* CommunityTabBarController.swift */ = {isa = PBXFileReference; lastKnownFileType = sourcecode.swift; path = CommunityTabBarController.swift; sourceTree = "<group>"; };
		753B0788286BC7E700B62F35 /* CommunityVC.swift */ = {isa = PBXFileReference; lastKnownFileType = sourcecode.swift; path = CommunityVC.swift; sourceTree = "<group>"; };
		753B078A286BC80200B62F35 /* CommunityFriendVC.swift */ = {isa = PBXFileReference; lastKnownFileType = sourcecode.swift; path = CommunityFriendVC.swift; sourceTree = "<group>"; };
		753B078C286BC82200B62F35 /* CommunityAllVC.swift */ = {isa = PBXFileReference; lastKnownFileType = sourcecode.swift; path = CommunityAllVC.swift; sourceTree = "<group>"; };
		753B078E286BC84500B62F35 /* FindFriendVC.swift */ = {isa = PBXFileReference; lastKnownFileType = sourcecode.swift; path = FindFriendVC.swift; sourceTree = "<group>"; };
		753EB1DA27EB65A300D20579 /* MyInfoVC.swift */ = {isa = PBXFileReference; lastKnownFileType = sourcecode.swift; path = MyInfoVC.swift; sourceTree = "<group>"; };
		7562CB34287656960004EC99 /* CreateChallengeVC.swift */ = {isa = PBXFileReference; lastKnownFileType = sourcecode.swift; path = CreateChallengeVC.swift; sourceTree = "<group>"; };
		757C96772863E080005CCBA3 /* ChallengeDetailImageVC.swift */ = {isa = PBXFileReference; lastKnownFileType = sourcecode.swift; path = ChallengeDetailImageVC.swift; sourceTree = "<group>"; };
		757C96792863E090005CCBA3 /* NoticeVC.swift */ = {isa = PBXFileReference; lastKnownFileType = sourcecode.swift; path = NoticeVC.swift; sourceTree = "<group>"; };
		757C967B2863E0A3005CCBA3 /* ChallengeCompleteVC.swift */ = {isa = PBXFileReference; lastKnownFileType = sourcecode.swift; path = ChallengeCompleteVC.swift; sourceTree = "<group>"; };
		757C967F2863E0E3005CCBA3 /* ChallengeShareVC.swift */ = {isa = PBXFileReference; lastKnownFileType = sourcecode.swift; path = ChallengeShareVC.swift; sourceTree = "<group>"; };
		757C96812863E169005CCBA3 /* ChallengeExportVC.swift */ = {isa = PBXFileReference; lastKnownFileType = sourcecode.swift; path = ChallengeExportVC.swift; sourceTree = "<group>"; };
		757D45AF28DBD837004DBC5A /* SplashVC.swift */ = {isa = PBXFileReference; fileEncoding = 4; lastKnownFileType = sourcecode.swift; path = SplashVC.swift; sourceTree = "<group>"; };
		757D66C82874FEDF00E3C5DE /* SelectChallengeThemeVC.swift */ = {isa = PBXFileReference; lastKnownFileType = sourcecode.swift; path = SelectChallengeThemeVC.swift; sourceTree = "<group>"; };
		757D66CA2874FEFB00E3C5DE /* SelectChallengeVC.swift */ = {isa = PBXFileReference; lastKnownFileType = sourcecode.swift; name = SelectChallengeVC.swift; path = Thirty/App/UI/Onboarding/SelectChallengeVC.swift; sourceTree = SOURCE_ROOT; };
		757D66CC2875048900E3C5DE /* WelcomeVC.swift */ = {isa = PBXFileReference; lastKnownFileType = sourcecode.swift; path = WelcomeVC.swift; sourceTree = "<group>"; };
		758B9FD528B83DF0001A40B5 /* Mission.swift */ = {isa = PBXFileReference; lastKnownFileType = sourcecode.swift; path = Mission.swift; sourceTree = "<group>"; };
		758B9FD728B83E3A001A40B5 /* ExploreDetailReactor.swift */ = {isa = PBXFileReference; lastKnownFileType = sourcecode.swift; path = ExploreDetailReactor.swift; sourceTree = "<group>"; };
		759BE93B28E2E2660072C9D8 /* BucketAnswerEnrollReactor.swift */ = {isa = PBXFileReference; lastKnownFileType = sourcecode.swift; path = BucketAnswerEnrollReactor.swift; sourceTree = "<group>"; };
		759BE93D28E327E70072C9D8 /* BucketLinkPopupVC.swift */ = {isa = PBXFileReference; lastKnownFileType = sourcecode.swift; path = BucketLinkPopupVC.swift; sourceTree = "<group>"; };
		759CD62E28D14B9F00BFFFC7 /* SendEmailPopupVC.swift */ = {isa = PBXFileReference; lastKnownFileType = sourcecode.swift; path = SendEmailPopupVC.swift; sourceTree = "<group>"; };
		759D326427C879E900A88C02 /* Thirty.app */ = {isa = PBXFileReference; explicitFileType = wrapper.application; includeInIndex = 0; path = Thirty.app; sourceTree = BUILT_PRODUCTS_DIR; };
		759D326727C879E900A88C02 /* AppDelegate.swift */ = {isa = PBXFileReference; lastKnownFileType = sourcecode.swift; path = AppDelegate.swift; sourceTree = "<group>"; };
		759D326B27C879E900A88C02 /* ViewController.swift */ = {isa = PBXFileReference; lastKnownFileType = sourcecode.swift; path = ViewController.swift; sourceTree = "<group>"; };
		759D326E27C879E900A88C02 /* Base */ = {isa = PBXFileReference; lastKnownFileType = file.storyboard; name = Base; path = Base.lproj/Main.storyboard; sourceTree = "<group>"; };
		759D327027C879EA00A88C02 /* Assets.xcassets */ = {isa = PBXFileReference; lastKnownFileType = folder.assetcatalog; path = Assets.xcassets; sourceTree = "<group>"; };
		759D327327C879EA00A88C02 /* Base */ = {isa = PBXFileReference; lastKnownFileType = file.storyboard; name = Base; path = Base.lproj/LaunchScreen.storyboard; sourceTree = "<group>"; };
		759D327527C879EA00A88C02 /* Info.plist */ = {isa = PBXFileReference; lastKnownFileType = text.plist.xml; path = Info.plist; sourceTree = "<group>"; };
		759D328027C8933000A88C02 /* My.storyboard */ = {isa = PBXFileReference; lastKnownFileType = file.storyboard; path = My.storyboard; sourceTree = "<group>"; };
		759D328227C8933700A88C02 /* Community.storyboard */ = {isa = PBXFileReference; lastKnownFileType = file.storyboard; path = Community.storyboard; sourceTree = "<group>"; };
		759D328427C8934500A88C02 /* Explore.storyboard */ = {isa = PBXFileReference; lastKnownFileType = file.storyboard; path = Explore.storyboard; sourceTree = "<group>"; };
		759D328627C8935C00A88C02 /* Challenge.storyboard */ = {isa = PBXFileReference; lastKnownFileType = file.storyboard; path = Challenge.storyboard; sourceTree = "<group>"; };
		759D328A27C8A45000A88C02 /* ChallengeVC.swift */ = {isa = PBXFileReference; lastKnownFileType = sourcecode.swift; path = ChallengeVC.swift; sourceTree = "<group>"; };
		759F12DF28CFFCD0008D7947 /* MySettingReactor.swift */ = {isa = PBXFileReference; lastKnownFileType = sourcecode.swift; path = MySettingReactor.swift; sourceTree = "<group>"; };
		75A41CF827E409D2009AD9D0 /* UIViewController+Extension.swift */ = {isa = PBXFileReference; lastKnownFileType = sourcecode.swift; path = "UIViewController+Extension.swift"; sourceTree = "<group>"; };
		75A41CFB27E45D03009AD9D0 /* UIView+IBDesignable.swift */ = {isa = PBXFileReference; lastKnownFileType = sourcecode.swift; path = "UIView+IBDesignable.swift"; sourceTree = "<group>"; };
		75A41CFD27E45F10009AD9D0 /* UIView+Extension.swift */ = {isa = PBXFileReference; lastKnownFileType = sourcecode.swift; path = "UIView+Extension.swift"; sourceTree = "<group>"; };
		75A7741828DD2BAA00B7775C /* String+Extension.swift */ = {isa = PBXFileReference; lastKnownFileType = sourcecode.swift; path = "String+Extension.swift"; sourceTree = "<group>"; };
		75A7741A28DD2C5000B7775C /* Date+Extension.swift */ = {isa = PBXFileReference; lastKnownFileType = sourcecode.swift; path = "Date+Extension.swift"; sourceTree = "<group>"; };
		75A7741C28DD2D0600B7775C /* UIImageView+Extension.swift */ = {isa = PBXFileReference; lastKnownFileType = sourcecode.swift; path = "UIImageView+Extension.swift"; sourceTree = "<group>"; };
		75B6B3C028EEF2E10081AA36 /* ChallengeExportReactor.swift */ = {isa = PBXFileReference; lastKnownFileType = sourcecode.swift; path = ChallengeExportReactor.swift; sourceTree = "<group>"; };
		75C586C427E300D40022B5D8 /* ExploreVC.swift */ = {isa = PBXFileReference; lastKnownFileType = sourcecode.swift; path = ExploreVC.swift; sourceTree = "<group>"; };
		75C586C727E307D50022B5D8 /* ExploreListVC.swift */ = {isa = PBXFileReference; lastKnownFileType = sourcecode.swift; path = ExploreListVC.swift; sourceTree = "<group>"; };
		75C586C927E30ABC0022B5D8 /* ExploreDetailVC.swift */ = {isa = PBXFileReference; lastKnownFileType = sourcecode.swift; path = ExploreDetailVC.swift; sourceTree = "<group>"; };
		75C8C3E928E2CBD100F8BA39 /* BucketAnswerEnrollVC.swift */ = {isa = PBXFileReference; lastKnownFileType = sourcecode.swift; path = BucketAnswerEnrollVC.swift; sourceTree = "<group>"; };
		75D4EF922810D346001E531D /* ChallengeService.swift */ = {isa = PBXFileReference; lastKnownFileType = sourcecode.swift; path = ChallengeService.swift; sourceTree = "<group>"; };
		75E2AF7C28B2F9D70036DEA5 /* ExploreListReactor.swift */ = {isa = PBXFileReference; lastKnownFileType = sourcecode.swift; path = ExploreListReactor.swift; sourceTree = "<group>"; };
		75E58EC327FE5DE100A87E73 /* Network.swift */ = {isa = PBXFileReference; lastKnownFileType = sourcecode.swift; path = Network.swift; sourceTree = "<group>"; };
		75E58EC627FE5E7500A87E73 /* BaseAPI.swift */ = {isa = PBXFileReference; lastKnownFileType = sourcecode.swift; path = BaseAPI.swift; sourceTree = "<group>"; };
		75E98C40287CEA8A009DBDC2 /* ExploreReactor.swift */ = {isa = PBXFileReference; lastKnownFileType = sourcecode.swift; path = ExploreReactor.swift; sourceTree = "<group>"; };
		75E98C42287CEB03009DBDC2 /* Category.swift */ = {isa = PBXFileReference; lastKnownFileType = sourcecode.swift; path = Category.swift; sourceTree = "<group>"; };
		75FB568C28E3BEE0004BB16A /* BucketDetailVC.swift */ = {isa = PBXFileReference; lastKnownFileType = sourcecode.swift; path = BucketDetailVC.swift; sourceTree = "<group>"; };
		A78D5F9FD5D8F7A52AB2972A /* Pods_Thirty.framework */ = {isa = PBXFileReference; explicitFileType = wrapper.framework; includeInIndex = 0; path = Pods_Thirty.framework; sourceTree = BUILT_PRODUCTS_DIR; };
		BDD038CDF5D2D1A6BE620AA3 /* Pods-Thirty.release.xcconfig */ = {isa = PBXFileReference; includeInIndex = 1; lastKnownFileType = text.xcconfig; name = "Pods-Thirty.release.xcconfig"; path = "Target Support Files/Pods-Thirty/Pods-Thirty.release.xcconfig"; sourceTree = "<group>"; };
		F913CD8E28F3100E001AA913 /* welcome_motion.json */ = {isa = PBXFileReference; fileEncoding = 4; lastKnownFileType = text.json; path = welcome_motion.json; sourceTree = "<group>"; };
		F913CD8F28F3100E001AA913 /* splash_motion.json */ = {isa = PBXFileReference; fileEncoding = 4; lastKnownFileType = text.json; path = splash_motion.json; sourceTree = "<group>"; };
		F91A250F27FC642B0037BDA7 /* LoginVC.swift */ = {isa = PBXFileReference; lastKnownFileType = sourcecode.swift; path = LoginVC.swift; sourceTree = "<group>"; };
		F91A251127FC643B0037BDA7 /* SignUpVC.swift */ = {isa = PBXFileReference; lastKnownFileType = sourcecode.swift; path = SignUpVC.swift; sourceTree = "<group>"; };
		F92028D828D9E8CA00B7714C /* Bucket.swift */ = {isa = PBXFileReference; lastKnownFileType = sourcecode.swift; path = Bucket.swift; sourceTree = "<group>"; };
		F92F4A4928CE2624005CF5AC /* UserService.swift */ = {isa = PBXFileReference; lastKnownFileType = sourcecode.swift; path = UserService.swift; sourceTree = "<group>"; };
		F9377F1128EB204200B99027 /* NoticeReactor.swift */ = {isa = PBXFileReference; lastKnownFileType = sourcecode.swift; path = NoticeReactor.swift; sourceTree = "<group>"; };
		F9377F1328EB20B700B99027 /* Notice.swift */ = {isa = PBXFileReference; lastKnownFileType = sourcecode.swift; path = Notice.swift; sourceTree = "<group>"; };
		F9377F1528EB20FB00B99027 /* NoticeAPI.swift */ = {isa = PBXFileReference; lastKnownFileType = sourcecode.swift; path = NoticeAPI.swift; sourceTree = "<group>"; };
		F93B5DC128EACA760005FA50 /* BucketDetailReactor.swift */ = {isa = PBXFileReference; lastKnownFileType = sourcecode.swift; path = BucketDetailReactor.swift; sourceTree = "<group>"; };
		F96EBBB728D5AE2100FECD00 /* KeyChain.swift */ = {isa = PBXFileReference; lastKnownFileType = sourcecode.swift; path = KeyChain.swift; sourceTree = "<group>"; };
		F96EBBBB28D5B59800FECD00 /* TokenManager.swift */ = {isa = PBXFileReference; lastKnownFileType = sourcecode.swift; path = TokenManager.swift; sourceTree = "<group>"; };
		F96EBBBD28D5BA2700FECD00 /* ChallengeReactor.swift */ = {isa = PBXFileReference; lastKnownFileType = sourcecode.swift; path = ChallengeReactor.swift; sourceTree = "<group>"; };
		F96EBBBF28D5BDD200FECD00 /* MyBadgeVC.swift */ = {isa = PBXFileReference; lastKnownFileType = sourcecode.swift; path = MyBadgeVC.swift; sourceTree = "<group>"; };
		F96EBBC128D5BDE000FECD00 /* MyBadgeReactor.swift */ = {isa = PBXFileReference; lastKnownFileType = sourcecode.swift; path = MyBadgeReactor.swift; sourceTree = "<group>"; };
		F96EBBC328D5C15100FECD00 /* Badge.swift */ = {isa = PBXFileReference; lastKnownFileType = sourcecode.swift; path = Badge.swift; sourceTree = "<group>"; };
		F96EBBC528D5C22700FECD00 /* RewardAPI.swift */ = {isa = PBXFileReference; lastKnownFileType = sourcecode.swift; path = RewardAPI.swift; sourceTree = "<group>"; };
		F9727DFE2887F00300E9513B /* FindPwdVC.swift */ = {isa = PBXFileReference; lastKnownFileType = sourcecode.swift; path = FindPwdVC.swift; sourceTree = "<group>"; };
		F984DE4C27F1D4C90049EA83 /* .swiftlint.yml */ = {isa = PBXFileReference; lastKnownFileType = text.yaml; path = .swiftlint.yml; sourceTree = "<group>"; };
		F98C9AE528C4C225003A25CD /* ExploreVC2.swift */ = {isa = PBXFileReference; lastKnownFileType = sourcecode.swift; path = ExploreVC2.swift; sourceTree = "<group>"; };
		F98C9AE728C4CC66003A25CD /* BucketAPI.swift */ = {isa = PBXFileReference; lastKnownFileType = sourcecode.swift; path = BucketAPI.swift; sourceTree = "<group>"; };
		F98C9AE928C4CEC9003A25CD /* Token.swift */ = {isa = PBXFileReference; lastKnownFileType = sourcecode.swift; path = Token.swift; sourceTree = "<group>"; };
		F99C6FD028F3195B00F5F1DD /* CommunityAPI.swift */ = {isa = PBXFileReference; lastKnownFileType = sourcecode.swift; path = CommunityAPI.swift; sourceTree = "<group>"; };
		F9A65626288D02B300544D83 /* CommunityListCell.swift */ = {isa = PBXFileReference; lastKnownFileType = sourcecode.swift; path = CommunityListCell.swift; sourceTree = "<group>"; };
		F9A65628288D07AB00544D83 /* Community.swift */ = {isa = PBXFileReference; lastKnownFileType = sourcecode.swift; path = Community.swift; sourceTree = "<group>"; };
		F9A6562A288D08CF00544D83 /* CommunityListViewModel.swift */ = {isa = PBXFileReference; lastKnownFileType = sourcecode.swift; path = CommunityListViewModel.swift; sourceTree = "<group>"; };
		F9B0D46427EF654A0092F2B8 /* TabBarController.swift */ = {isa = PBXFileReference; lastKnownFileType = sourcecode.swift; path = TabBarController.swift; sourceTree = "<group>"; };
		F9B0D46727EF67210092F2B8 /* CommunityNC.swift */ = {isa = PBXFileReference; lastKnownFileType = sourcecode.swift; path = CommunityNC.swift; sourceTree = "<group>"; };
		F9B4859327FC8926003A129B /* Challenge.swift */ = {isa = PBXFileReference; lastKnownFileType = sourcecode.swift; path = Challenge.swift; sourceTree = "<group>"; };
		F9BC339927EC993800F0C722 /* Pretendard-SemiBold.otf */ = {isa = PBXFileReference; lastKnownFileType = file; path = "Pretendard-SemiBold.otf"; sourceTree = "<group>"; };
		F9BC339A27EC993800F0C722 /* Pretendard-Regular.otf */ = {isa = PBXFileReference; lastKnownFileType = file; path = "Pretendard-Regular.otf"; sourceTree = "<group>"; };
		F9BC339C27EC9FB600F0C722 /* MyAlertVC.swift */ = {isa = PBXFileReference; lastKnownFileType = sourcecode.swift; path = MyAlertVC.swift; sourceTree = "<group>"; };
		F9BC339F27EC9FD700F0C722 /* MyShareSettingVC.swift */ = {isa = PBXFileReference; lastKnownFileType = sourcecode.swift; path = MyShareSettingVC.swift; sourceTree = "<group>"; };
		F9BC33A227EC9FFD00F0C722 /* MyNoticeVC.swift */ = {isa = PBXFileReference; lastKnownFileType = sourcecode.swift; path = MyNoticeVC.swift; sourceTree = "<group>"; };
		F9BC33A527ECA02700F0C722 /* MyAppInfoVC.swift */ = {isa = PBXFileReference; lastKnownFileType = sourcecode.swift; path = MyAppInfoVC.swift; sourceTree = "<group>"; };
		F9C6504828B9F49D0026405A /* SelectChallengeReactor.swift */ = {isa = PBXFileReference; lastKnownFileType = sourcecode.swift; path = SelectChallengeReactor.swift; sourceTree = "<group>"; };
		F9D3DBE928EA995000E0C5A7 /* BucketStampPopupVC.swift */ = {isa = PBXFileReference; lastKnownFileType = sourcecode.swift; path = BucketStampPopupVC.swift; sourceTree = "<group>"; };
		F9D9B62F28CB3970004AF18D /* ChangeNicknameVC.swift */ = {isa = PBXFileReference; lastKnownFileType = sourcecode.swift; path = ChangeNicknameVC.swift; sourceTree = "<group>"; };
		F9D9B63128CB3A77004AF18D /* ChangeNicknameReactor.swift */ = {isa = PBXFileReference; lastKnownFileType = sourcecode.swift; path = ChangeNicknameReactor.swift; sourceTree = "<group>"; };
		F9D9B63328CB472B004AF18D /* MyReactor.swift */ = {isa = PBXFileReference; lastKnownFileType = sourcecode.swift; path = MyReactor.swift; sourceTree = "<group>"; };
		F9D9B63528CB4867004AF18D /* User.swift */ = {isa = PBXFileReference; lastKnownFileType = sourcecode.swift; path = User.swift; sourceTree = "<group>"; };
		F9DCE45328C6CBC10089E772 /* SignUpReactor.swift */ = {isa = PBXFileReference; lastKnownFileType = sourcecode.swift; path = SignUpReactor.swift; sourceTree = "<group>"; };
		F9DCE45528C6CFE50089E772 /* AuthAPI.swift */ = {isa = PBXFileReference; lastKnownFileType = sourcecode.swift; path = AuthAPI.swift; sourceTree = "<group>"; };
		F9E01FC028CE1A7D00649EC7 /* WelcomePopupVC.swift */ = {isa = PBXFileReference; lastKnownFileType = sourcecode.swift; path = WelcomePopupVC.swift; sourceTree = "<group>"; };
/* End PBXFileReference section */

/* Begin PBXFrameworksBuildPhase section */
		759D326127C879E900A88C02 /* Frameworks */ = {
			isa = PBXFrameworksBuildPhase;
			buildActionMask = 2147483647;
			files = (
				DCBE380F2BCEEBBA85A7E593 /* Pods_Thirty.framework in Frameworks */,
			);
			runOnlyForDeploymentPostprocessing = 0;
		};
/* End PBXFrameworksBuildPhase section */

/* Begin PBXGroup section */
		3D5D0FEC770C50023482B495 /* Pods */ = {
			isa = PBXGroup;
			children = (
				71BEF133679519B33BEE5990 /* Pods-Thirty.debug.xcconfig */,
				BDD038CDF5D2D1A6BE620AA3 /* Pods-Thirty.release.xcconfig */,
			);
			path = Pods;
			sourceTree = "<group>";
		};
		5C256B90D996CEDE0EE44706 /* Frameworks */ = {
			isa = PBXGroup;
			children = (
				A78D5F9FD5D8F7A52AB2972A /* Pods_Thirty.framework */,
			);
			name = Frameworks;
			sourceTree = "<group>";
		};
		7537B61227E00D6D00A66F11 /* Font */ = {
			isa = PBXGroup;
			children = (
				7537B61527E00D8300A66F11 /* Pretendard-Bold.otf */,
				7537B61327E00D8300A66F11 /* Pretendard-Light.otf */,
				7537B61427E00D8300A66F11 /* Pretendard-Medium.otf */,
				7537B61727E00E2100A66F11 /* Blatant-Bold.otf */,
				7537B61627E00E2100A66F11 /* Blatant-Regular.otf */,
				F9BC339A27EC993800F0C722 /* Pretendard-Regular.otf */,
				F9BC339927EC993800F0C722 /* Pretendard-SemiBold.otf */,
			);
			path = Font;
			sourceTree = "<group>";
		};
		754C31C62831C8E500BD4195 /* Onboarding */ = {
			isa = PBXGroup;
			children = (
				757D45AF28DBD837004DBC5A /* SplashVC.swift */,
				757D66C82874FEDF00E3C5DE /* SelectChallengeThemeVC.swift */,
				757D66CA2874FEFB00E3C5DE /* SelectChallengeVC.swift */,
				F9C6504828B9F49D0026405A /* SelectChallengeReactor.swift */,
				757D66CC2875048900E3C5DE /* WelcomeVC.swift */,
			);
			path = Onboarding;
			sourceTree = "<group>";
		};
		759D325B27C879E900A88C02 = {
			isa = PBXGroup;
			children = (
				F984DE4C27F1D4C90049EA83 /* .swiftlint.yml */,
				759D326627C879E900A88C02 /* Thirty */,
				759D326527C879E900A88C02 /* Products */,
				3D5D0FEC770C50023482B495 /* Pods */,
				5C256B90D996CEDE0EE44706 /* Frameworks */,
			);
			sourceTree = "<group>";
		};
		759D326527C879E900A88C02 /* Products */ = {
			isa = PBXGroup;
			children = (
				759D326427C879E900A88C02 /* Thirty.app */,
			);
			name = Products;
			sourceTree = "<group>";
		};
		759D326627C879E900A88C02 /* Thirty */ = {
			isa = PBXGroup;
			children = (
				759D328827C893DB00A88C02 /* Util */,
				759D327B27C8913200A88C02 /* App */,
				759D326B27C879E900A88C02 /* ViewController.swift */,
				759D327527C879EA00A88C02 /* Info.plist */,
			);
			path = Thirty;
			sourceTree = "<group>";
		};
		759D327B27C8913200A88C02 /* App */ = {
			isa = PBXGroup;
			children = (
				75E58EC227FE5A7F00A87E73 /* Model */,
				75D4EF912810D27F001E531D /* Service */,
				75E58EC127FE5A5400A87E73 /* Network */,
				75E58EC027FE5A4A00A87E73 /* UI */,
				759D328927C893F500A88C02 /* Asset */,
				759D326727C879E900A88C02 /* AppDelegate.swift */,
			);
			path = App;
			sourceTree = "<group>";
		};
		759D327C27C891A700A88C02 /* Challenge */ = {
			isa = PBXGroup;
			children = (
				759D328627C8935C00A88C02 /* Challenge.storyboard */,
				759D328A27C8A45000A88C02 /* ChallengeVC.swift */,
				F96EBBBD28D5BA2700FECD00 /* ChallengeReactor.swift */,
				75C8C3E928E2CBD100F8BA39 /* BucketAnswerEnrollVC.swift */,
				759BE93B28E2E2660072C9D8 /* BucketAnswerEnrollReactor.swift */,
				75FB568C28E3BEE0004BB16A /* BucketDetailVC.swift */,
				F93B5DC128EACA760005FA50 /* BucketDetailReactor.swift */,
				757C967F2863E0E3005CCBA3 /* ChallengeShareVC.swift */,
				757C967B2863E0A3005CCBA3 /* ChallengeCompleteVC.swift */,
				757C96812863E169005CCBA3 /* ChallengeExportVC.swift */,
				75B6B3C028EEF2E10081AA36 /* ChallengeExportReactor.swift */,
				757C96772863E080005CCBA3 /* ChallengeDetailImageVC.swift */,
				759BE93D28E327E70072C9D8 /* BucketLinkPopupVC.swift */,
				F9D3DBE928EA995000E0C5A7 /* BucketStampPopupVC.swift */,
				757C96792863E090005CCBA3 /* NoticeVC.swift */,
				F9377F1128EB204200B99027 /* NoticeReactor.swift */,
			);
			path = Challenge;
			sourceTree = "<group>";
		};
		759D327D27C891B400A88C02 /* Explore */ = {
			isa = PBXGroup;
			children = (
				759D328427C8934500A88C02 /* Explore.storyboard */,
				F98C9AE528C4C225003A25CD /* ExploreVC2.swift */,
				75C586C427E300D40022B5D8 /* ExploreVC.swift */,
				75E98C40287CEA8A009DBDC2 /* ExploreReactor.swift */,
				75C586C727E307D50022B5D8 /* ExploreListVC.swift */,
				75E2AF7C28B2F9D70036DEA5 /* ExploreListReactor.swift */,
				75C586C927E30ABC0022B5D8 /* ExploreDetailVC.swift */,
				758B9FD728B83E3A001A40B5 /* ExploreDetailReactor.swift */,
				7562CB34287656960004EC99 /* CreateChallengeVC.swift */,
			);
			path = Explore;
			sourceTree = "<group>";
		};
		759D327E27C891BA00A88C02 /* Community */ = {
			isa = PBXGroup;
			children = (
				759D328227C8933700A88C02 /* Community.storyboard */,
				F9A6562A288D08CF00544D83 /* CommunityListViewModel.swift */,
				753B078C286BC82200B62F35 /* CommunityAllVC.swift */,
				753B078A286BC80200B62F35 /* CommunityFriendVC.swift */,
				F9A65626288D02B300544D83 /* CommunityListCell.swift */,
				753B0788286BC7E700B62F35 /* CommunityVC.swift */,
				753B0786286BC7CA00B62F35 /* CommunityTabBarController.swift */,
				F9B0D46727EF67210092F2B8 /* CommunityNC.swift */,
				753B078E286BC84500B62F35 /* FindFriendVC.swift */,
				75340CF828EF9CCB004DF0E5 /* FindFriendReactor.swift */,
			);
			path = Community;
			sourceTree = "<group>";
		};
		759D327F27C891C000A88C02 /* My */ = {
			isa = PBXGroup;
			children = (
				759D328027C8933000A88C02 /* My.storyboard */,
				7537B61027E00A9800A66F11 /* MyVC.swift */,
				F9D9B63328CB472B004AF18D /* MyReactor.swift */,
				F96EBBBF28D5BDD200FECD00 /* MyBadgeVC.swift */,
				F96EBBC128D5BDE000FECD00 /* MyBadgeReactor.swift */,
				759CD62E28D14B9F00BFFFC7 /* SendEmailPopupVC.swift */,
				F9E01FC028CE1A7D00649EC7 /* WelcomePopupVC.swift */,
				F9D9B62F28CB3970004AF18D /* ChangeNicknameVC.swift */,
				F9D9B63128CB3A77004AF18D /* ChangeNicknameReactor.swift */,
				F91A250F27FC642B0037BDA7 /* LoginVC.swift */,
				F9DCE45328C6CBC10089E772 /* SignUpReactor.swift */,
				F9727DFE2887F00300E9513B /* FindPwdVC.swift */,
				F91A251127FC643B0037BDA7 /* SignUpVC.swift */,
				F9BC33A527ECA02700F0C722 /* MyAppInfoVC.swift */,
				F9BC33A227EC9FFD00F0C722 /* MyNoticeVC.swift */,
				F9BC339F27EC9FD700F0C722 /* MyShareSettingVC.swift */,
				F9BC339C27EC9FB600F0C722 /* MyAlertVC.swift */,
				753EB1DA27EB65A300D20579 /* MyInfoVC.swift */,
				7501A4FE27E23B1E00EB4EB0 /* MySettingVC.swift */,
				759F12DF28CFFCD0008D7947 /* MySettingReactor.swift */,
				7501A4FB27E239B500EB4EB0 /* MyNC.swift */,
			);
			path = My;
			sourceTree = "<group>";
		};
		759D328827C893DB00A88C02 /* Util */ = {
			isa = PBXGroup;
			children = (
				75A41CF727E4097E009AD9D0 /* Extension */,
				F96EBBB728D5AE2100FECD00 /* KeyChain.swift */,
				F96EBBBB28D5B59800FECD00 /* TokenManager.swift */,
			);
			path = Util;
			sourceTree = "<group>";
		};
		759D328927C893F500A88C02 /* Asset */ = {
			isa = PBXGroup;
			children = (
				F913CD8F28F3100E001AA913 /* splash_motion.json */,
				F913CD8E28F3100E001AA913 /* welcome_motion.json */,
				7537B61227E00D6D00A66F11 /* Font */,
				759D327027C879EA00A88C02 /* Assets.xcassets */,
				759D326D27C879E900A88C02 /* Main.storyboard */,
				F9B0D46427EF654A0092F2B8 /* TabBarController.swift */,
				759D327227C879EA00A88C02 /* LaunchScreen.storyboard */,
			);
			path = Asset;
			sourceTree = "<group>";
		};
		75A41CF727E4097E009AD9D0 /* Extension */ = {
			isa = PBXGroup;
			children = (
				75A41CF827E409D2009AD9D0 /* UIViewController+Extension.swift */,
				75A41CFB27E45D03009AD9D0 /* UIView+IBDesignable.swift */,
				75A41CFD27E45F10009AD9D0 /* UIView+Extension.swift */,
				751A19F327E8A8890025812D /* UIColor+Extension.swift */,
				75A7741828DD2BAA00B7775C /* String+Extension.swift */,
				75A7741A28DD2C5000B7775C /* Date+Extension.swift */,
				75A7741C28DD2D0600B7775C /* UIImageView+Extension.swift */,
			);
			path = Extension;
			sourceTree = "<group>";
		};
		75D4EF912810D27F001E531D /* Service */ = {
			isa = PBXGroup;
			children = (
				75D4EF922810D346001E531D /* ChallengeService.swift */,
				F92F4A4928CE2624005CF5AC /* UserService.swift */,
			);
			path = Service;
			sourceTree = "<group>";
		};
		75E58EC027FE5A4A00A87E73 /* UI */ = {
			isa = PBXGroup;
			children = (
				754C31C62831C8E500BD4195 /* Onboarding */,
				759D327C27C891A700A88C02 /* Challenge */,
				759D327D27C891B400A88C02 /* Explore */,
				759D327E27C891BA00A88C02 /* Community */,
				759D327F27C891C000A88C02 /* My */,
			);
			path = UI;
			sourceTree = "<group>";
		};
		75E58EC127FE5A5400A87E73 /* Network */ = {
			isa = PBXGroup;
			children = (
				75E58EC327FE5DE100A87E73 /* Network.swift */,
				75E58EC527FE5E6600A87E73 /* API */,
			);
			path = Network;
			sourceTree = "<group>";
		};
		75E58EC227FE5A7F00A87E73 /* Model */ = {
			isa = PBXGroup;
			children = (
				F9B4859327FC8926003A129B /* Challenge.swift */,
				F98C9AE928C4CEC9003A25CD /* Token.swift */,
				75E98C42287CEB03009DBDC2 /* Category.swift */,
				F9A65628288D07AB00544D83 /* Community.swift */,
				758B9FD528B83DF0001A40B5 /* Mission.swift */,
				F9D9B63528CB4867004AF18D /* User.swift */,
				F96EBBC328D5C15100FECD00 /* Badge.swift */,
				F92028D828D9E8CA00B7714C /* Bucket.swift */,
				F9377F1328EB20B700B99027 /* Notice.swift */,
			);
			path = Model;
			sourceTree = "<group>";
		};
		75E58EC527FE5E6600A87E73 /* API */ = {
			isa = PBXGroup;
			children = (
				75E58EC627FE5E7500A87E73 /* BaseAPI.swift */,
				75073B1B280F8080008814EE /* ChallengeAPI.swift */,
				F98C9AE728C4CC66003A25CD /* BucketAPI.swift */,
				F9DCE45528C6CFE50089E772 /* AuthAPI.swift */,
				F96EBBC528D5C22700FECD00 /* RewardAPI.swift */,
				F9377F1528EB20FB00B99027 /* NoticeAPI.swift */,
				F99C6FD028F3195B00F5F1DD /* CommunityAPI.swift */,
			);
			path = API;
			sourceTree = "<group>";
		};
/* End PBXGroup section */

/* Begin PBXNativeTarget section */
		759D326327C879E900A88C02 /* Thirty */ = {
			isa = PBXNativeTarget;
			buildConfigurationList = 759D327827C879EA00A88C02 /* Build configuration list for PBXNativeTarget "Thirty" */;
			buildPhases = (
				EF3EB6DD969D12F8DEFB492B /* [CP] Check Pods Manifest.lock */,
				759D326027C879E900A88C02 /* Sources */,
				759D326127C879E900A88C02 /* Frameworks */,
				759D326227C879E900A88C02 /* Resources */,
				7D929AD240F3BF1F1ECE3F90 /* [CP] Embed Pods Frameworks */,
				F984DE4B27F1D4090049EA83 /* ShellScript */,
			);
			buildRules = (
			);
			dependencies = (
			);
			name = Thirty;
			productName = Thirty;
			productReference = 759D326427C879E900A88C02 /* Thirty.app */;
			productType = "com.apple.product-type.application";
		};
/* End PBXNativeTarget section */

/* Begin PBXProject section */
		759D325C27C879E900A88C02 /* Project object */ = {
			isa = PBXProject;
			attributes = {
				LastSwiftUpdateCheck = 1250;
				LastUpgradeCheck = 1250;
				TargetAttributes = {
					759D326327C879E900A88C02 = {
						CreatedOnToolsVersion = 12.5;
					};
				};
			};
			buildConfigurationList = 759D325F27C879E900A88C02 /* Build configuration list for PBXProject "Thirty" */;
			compatibilityVersion = "Xcode 9.3";
			developmentRegion = en;
			hasScannedForEncodings = 0;
			knownRegions = (
				en,
				Base,
			);
			mainGroup = 759D325B27C879E900A88C02;
			productRefGroup = 759D326527C879E900A88C02 /* Products */;
			projectDirPath = "";
			projectRoot = "";
			targets = (
				759D326327C879E900A88C02 /* Thirty */,
			);
		};
/* End PBXProject section */

/* Begin PBXResourcesBuildPhase section */
		759D326227C879E900A88C02 /* Resources */ = {
			isa = PBXResourcesBuildPhase;
			buildActionMask = 2147483647;
			files = (
				F984DE4D27F1D4C90049EA83 /* .swiftlint.yml in Resources */,
				7501A4FA27E20D4C00EB4EB0 /* Blatant-Regular.otf in Resources */,
				F913CD9028F3100E001AA913 /* welcome_motion.json in Resources */,
				7501A4F927E20D4800EB4EB0 /* Blatant-Bold.otf in Resources */,
				759D327427C879EA00A88C02 /* LaunchScreen.storyboard in Resources */,
				7501A4F827E20D4500EB4EB0 /* Pretendard-Medium.otf in Resources */,
				7501A4F627E20D3E00EB4EB0 /* Pretendard-Bold.otf in Resources */,
				759D327127C879EA00A88C02 /* Assets.xcassets in Resources */,
				759D328127C8933000A88C02 /* My.storyboard in Resources */,
				759D328327C8933700A88C02 /* Community.storyboard in Resources */,
				F913CD9128F3100E001AA913 /* splash_motion.json in Resources */,
				759D326F27C879E900A88C02 /* Main.storyboard in Resources */,
				759D328527C8934500A88C02 /* Explore.storyboard in Resources */,
				759D328727C8935C00A88C02 /* Challenge.storyboard in Resources */,
				7501A4F727E20D4000EB4EB0 /* Pretendard-Light.otf in Resources */,
			);
			runOnlyForDeploymentPostprocessing = 0;
		};
/* End PBXResourcesBuildPhase section */

/* Begin PBXShellScriptBuildPhase section */
		7D929AD240F3BF1F1ECE3F90 /* [CP] Embed Pods Frameworks */ = {
			isa = PBXShellScriptBuildPhase;
			buildActionMask = 2147483647;
			files = (
			);
			inputFileListPaths = (
				"${PODS_ROOT}/Target Support Files/Pods-Thirty/Pods-Thirty-frameworks-${CONFIGURATION}-input-files.xcfilelist",
			);
			name = "[CP] Embed Pods Frameworks";
			outputFileListPaths = (
				"${PODS_ROOT}/Target Support Files/Pods-Thirty/Pods-Thirty-frameworks-${CONFIGURATION}-output-files.xcfilelist",
			);
			runOnlyForDeploymentPostprocessing = 0;
			shellPath = /bin/sh;
			shellScript = "\"${PODS_ROOT}/Target Support Files/Pods-Thirty/Pods-Thirty-frameworks.sh\"\n";
			showEnvVarsInLog = 0;
		};
		EF3EB6DD969D12F8DEFB492B /* [CP] Check Pods Manifest.lock */ = {
			isa = PBXShellScriptBuildPhase;
			buildActionMask = 2147483647;
			files = (
			);
			inputFileListPaths = (
			);
			inputPaths = (
				"${PODS_PODFILE_DIR_PATH}/Podfile.lock",
				"${PODS_ROOT}/Manifest.lock",
			);
			name = "[CP] Check Pods Manifest.lock";
			outputFileListPaths = (
			);
			outputPaths = (
				"$(DERIVED_FILE_DIR)/Pods-Thirty-checkManifestLockResult.txt",
			);
			runOnlyForDeploymentPostprocessing = 0;
			shellPath = /bin/sh;
			shellScript = "diff \"${PODS_PODFILE_DIR_PATH}/Podfile.lock\" \"${PODS_ROOT}/Manifest.lock\" > /dev/null\nif [ $? != 0 ] ; then\n    # print error to STDERR\n    echo \"error: The sandbox is not in sync with the Podfile.lock. Run 'pod install' or update your CocoaPods installation.\" >&2\n    exit 1\nfi\n# This output is used by Xcode 'outputs' to avoid re-running this script phase.\necho \"SUCCESS\" > \"${SCRIPT_OUTPUT_FILE_0}\"\n";
			showEnvVarsInLog = 0;
		};
		F984DE4B27F1D4090049EA83 /* ShellScript */ = {
			isa = PBXShellScriptBuildPhase;
			buildActionMask = 2147483647;
			files = (
			);
			inputFileListPaths = (
			);
			inputPaths = (
			);
			outputFileListPaths = (
			);
			outputPaths = (
			);
			runOnlyForDeploymentPostprocessing = 0;
			shellPath = /bin/sh;
			shellScript = "${PODS_ROOT}/SwiftLint/swiftlint autocorrect\n";
		};
/* End PBXShellScriptBuildPhase section */

/* Begin PBXSourcesBuildPhase section */
		759D326027C879E900A88C02 /* Sources */ = {
			isa = PBXSourcesBuildPhase;
			buildActionMask = 2147483647;
			files = (
				757C967C2863E0A3005CCBA3 /* ChallengeCompleteVC.swift in Sources */,
				F9BC33A627ECA02700F0C722 /* MyAppInfoVC.swift in Sources */,
				759F12E028CFFCD0008D7947 /* MySettingReactor.swift in Sources */,
				F96EBBBE28D5BA2700FECD00 /* ChallengeReactor.swift in Sources */,
				757D66C92874FEDF00E3C5DE /* SelectChallengeThemeVC.swift in Sources */,
				F9D9B63628CB4867004AF18D /* User.swift in Sources */,
				F9D9B63028CB3970004AF18D /* ChangeNicknameVC.swift in Sources */,
				75A41CF927E409D2009AD9D0 /* UIViewController+Extension.swift in Sources */,
				F96EBBC628D5C22700FECD00 /* RewardAPI.swift in Sources */,
				75A7741D28DD2D0600B7775C /* UIImageView+Extension.swift in Sources */,
				F9BC339D27EC9FB600F0C722 /* MyAlertVC.swift in Sources */,
				757D66CD2875048900E3C5DE /* WelcomeVC.swift in Sources */,
				F9E01FC128CE1A7D00649EC7 /* WelcomePopupVC.swift in Sources */,
				75C586C827E307D50022B5D8 /* ExploreListVC.swift in Sources */,
				F9BC33A327EC9FFD00F0C722 /* MyNoticeVC.swift in Sources */,
				F9BC33A027EC9FD700F0C722 /* MyShareSettingVC.swift in Sources */,
				7562CB35287656960004EC99 /* CreateChallengeVC.swift in Sources */,
				F96EBBBC28D5B59800FECD00 /* TokenManager.swift in Sources */,
				75A7741B28DD2C5000B7775C /* Date+Extension.swift in Sources */,
				757C96822863E169005CCBA3 /* ChallengeExportVC.swift in Sources */,
				759D328B27C8A45000A88C02 /* ChallengeVC.swift in Sources */,
				751A19F427E8A8890025812D /* UIColor+Extension.swift in Sources */,
				75B6B3C128EEF2E10081AA36 /* ChallengeExportReactor.swift in Sources */,
				75073B1C280F8080008814EE /* ChallengeAPI.swift in Sources */,
				F98C9AEA28C4CEC9003A25CD /* Token.swift in Sources */,
				F9DCE45628C6CFE50089E772 /* AuthAPI.swift in Sources */,
				753B078D286BC82200B62F35 /* CommunityAllVC.swift in Sources */,
				757C967A2863E090005CCBA3 /* NoticeVC.swift in Sources */,
				753EB1DB27EB65A300D20579 /* MyInfoVC.swift in Sources */,
				F9C6504928B9F49D0026405A /* SelectChallengeReactor.swift in Sources */,
				F9DCE45428C6CBC10089E772 /* SignUpReactor.swift in Sources */,
				7501A4FF27E23B1E00EB4EB0 /* MySettingVC.swift in Sources */,
				7501A4FC27E239B500EB4EB0 /* MyNC.swift in Sources */,
				F9A6562B288D08CF00544D83 /* CommunityListViewModel.swift in Sources */,
				75C586C527E300D40022B5D8 /* ExploreVC.swift in Sources */,
				F96EBBC228D5BDE000FECD00 /* MyBadgeReactor.swift in Sources */,
				757C96782863E080005CCBA3 /* ChallengeDetailImageVC.swift in Sources */,
				75E98C43287CEB03009DBDC2 /* Category.swift in Sources */,
				F9A65629288D07AB00544D83 /* Community.swift in Sources */,
				75E58EC727FE5E7500A87E73 /* BaseAPI.swift in Sources */,
				75D4EF932810D346001E531D /* ChallengeService.swift in Sources */,
				753B0789286BC7E700B62F35 /* CommunityVC.swift in Sources */,
				75FB568D28E3BEE0004BB16A /* BucketDetailVC.swift in Sources */,
				F9377F1628EB20FB00B99027 /* NoticeAPI.swift in Sources */,
				F96EBBB828D5AE2100FECD00 /* KeyChain.swift in Sources */,
				75C586CA27E30ABC0022B5D8 /* ExploreDetailVC.swift in Sources */,
				753B0787286BC7CA00B62F35 /* CommunityTabBarController.swift in Sources */,
				F9377F1428EB20B700B99027 /* Notice.swift in Sources */,
				F9B0D46827EF67210092F2B8 /* CommunityNC.swift in Sources */,
				F9A65627288D02B300544D83 /* CommunityListCell.swift in Sources */,
				757D45B028DBD837004DBC5A /* SplashVC.swift in Sources */,
				F96EBBC428D5C15100FECD00 /* Badge.swift in Sources */,
				F99C6FD128F3195B00F5F1DD /* CommunityAPI.swift in Sources */,
				753B078F286BC84500B62F35 /* FindFriendVC.swift in Sources */,
				758B9FD628B83DF0001A40B5 /* Mission.swift in Sources */,
				F9B4859427FC8926003A129B /* Challenge.swift in Sources */,
				757D66CB2874FEFB00E3C5DE /* SelectChallengeVC.swift in Sources */,
				75A41CFE27E45F10009AD9D0 /* UIView+Extension.swift in Sources */,
				F91A251227FC643B0037BDA7 /* SignUpVC.swift in Sources */,
				75340CF928EF9CCB004DF0E5 /* FindFriendReactor.swift in Sources */,
				75E2AF7D28B2F9D70036DEA5 /* ExploreListReactor.swift in Sources */,
				759D326C27C879E900A88C02 /* ViewController.swift in Sources */,
				F98C9AE828C4CC66003A25CD /* BucketAPI.swift in Sources */,
				759D326827C879E900A88C02 /* AppDelegate.swift in Sources */,
				75A7741928DD2BAA00B7775C /* String+Extension.swift in Sources */,
				759BE93C28E2E2660072C9D8 /* BucketAnswerEnrollReactor.swift in Sources */,
				F9D3DBEA28EA995000E0C5A7 /* BucketStampPopupVC.swift in Sources */,
				F92F4A4A28CE2624005CF5AC /* UserService.swift in Sources */,
				F93B5DC228EACA760005FA50 /* BucketDetailReactor.swift in Sources */,
				7537B61127E00A9800A66F11 /* MyVC.swift in Sources */,
				753B078B286BC80200B62F35 /* CommunityFriendVC.swift in Sources */,
				F98C9AE628C4C225003A25CD /* ExploreVC2.swift in Sources */,
				F9B0D46527EF654A0092F2B8 /* TabBarController.swift in Sources */,
				F9727DFF2887F00300E9513B /* FindPwdVC.swift in Sources */,
				757C96802863E0E3005CCBA3 /* ChallengeShareVC.swift in Sources */,
				F9D9B63228CB3A77004AF18D /* ChangeNicknameReactor.swift in Sources */,
				F96EBBC028D5BDD200FECD00 /* MyBadgeVC.swift in Sources */,
				F9377F1228EB204200B99027 /* NoticeReactor.swift in Sources */,
				75E58EC427FE5DE100A87E73 /* Network.swift in Sources */,
				F92028D928D9E8CA00B7714C /* Bucket.swift in Sources */,
				75C8C3EA28E2CBD100F8BA39 /* BucketAnswerEnrollVC.swift in Sources */,
				75A41CFC27E45D03009AD9D0 /* UIView+IBDesignable.swift in Sources */,
				F9D9B63428CB472B004AF18D /* MyReactor.swift in Sources */,
				759BE93E28E327E70072C9D8 /* BucketLinkPopupVC.swift in Sources */,
				759CD62F28D14B9F00BFFFC7 /* SendEmailPopupVC.swift in Sources */,
				75E98C41287CEA8A009DBDC2 /* ExploreReactor.swift in Sources */,
				758B9FD828B83E3A001A40B5 /* ExploreDetailReactor.swift in Sources */,
				F91A251027FC642B0037BDA7 /* LoginVC.swift in Sources */,
			);
			runOnlyForDeploymentPostprocessing = 0;
		};
/* End PBXSourcesBuildPhase section */

/* Begin PBXVariantGroup section */
		759D326D27C879E900A88C02 /* Main.storyboard */ = {
			isa = PBXVariantGroup;
			children = (
				759D326E27C879E900A88C02 /* Base */,
			);
			name = Main.storyboard;
			sourceTree = "<group>";
		};
		759D327227C879EA00A88C02 /* LaunchScreen.storyboard */ = {
			isa = PBXVariantGroup;
			children = (
				759D327327C879EA00A88C02 /* Base */,
			);
			name = LaunchScreen.storyboard;
			sourceTree = "<group>";
		};
/* End PBXVariantGroup section */

/* Begin XCBuildConfiguration section */
		759D327627C879EA00A88C02 /* Debug */ = {
			isa = XCBuildConfiguration;
			buildSettings = {
				ALWAYS_SEARCH_USER_PATHS = NO;
				CLANG_ANALYZER_NONNULL = YES;
				CLANG_ANALYZER_NUMBER_OBJECT_CONVERSION = YES_AGGRESSIVE;
				CLANG_CXX_LANGUAGE_STANDARD = "gnu++14";
				CLANG_CXX_LIBRARY = "libc++";
				CLANG_ENABLE_MODULES = YES;
				CLANG_ENABLE_OBJC_ARC = YES;
				CLANG_ENABLE_OBJC_WEAK = YES;
				CLANG_WARN_BLOCK_CAPTURE_AUTORELEASING = YES;
				CLANG_WARN_BOOL_CONVERSION = YES;
				CLANG_WARN_COMMA = YES;
				CLANG_WARN_CONSTANT_CONVERSION = YES;
				CLANG_WARN_DEPRECATED_OBJC_IMPLEMENTATIONS = YES;
				CLANG_WARN_DIRECT_OBJC_ISA_USAGE = YES_ERROR;
				CLANG_WARN_DOCUMENTATION_COMMENTS = YES;
				CLANG_WARN_EMPTY_BODY = YES;
				CLANG_WARN_ENUM_CONVERSION = YES;
				CLANG_WARN_INFINITE_RECURSION = YES;
				CLANG_WARN_INT_CONVERSION = YES;
				CLANG_WARN_NON_LITERAL_NULL_CONVERSION = YES;
				CLANG_WARN_OBJC_IMPLICIT_RETAIN_SELF = YES;
				CLANG_WARN_OBJC_LITERAL_CONVERSION = YES;
				CLANG_WARN_OBJC_ROOT_CLASS = YES_ERROR;
				CLANG_WARN_QUOTED_INCLUDE_IN_FRAMEWORK_HEADER = YES;
				CLANG_WARN_RANGE_LOOP_ANALYSIS = YES;
				CLANG_WARN_STRICT_PROTOTYPES = YES;
				CLANG_WARN_SUSPICIOUS_MOVE = YES;
				CLANG_WARN_UNGUARDED_AVAILABILITY = YES_AGGRESSIVE;
				CLANG_WARN_UNREACHABLE_CODE = YES;
				CLANG_WARN__DUPLICATE_METHOD_MATCH = YES;
				COPY_PHASE_STRIP = NO;
				DEBUG_INFORMATION_FORMAT = dwarf;
				ENABLE_STRICT_OBJC_MSGSEND = YES;
				ENABLE_TESTABILITY = YES;
				GCC_C_LANGUAGE_STANDARD = gnu11;
				GCC_DYNAMIC_NO_PIC = NO;
				GCC_NO_COMMON_BLOCKS = YES;
				GCC_OPTIMIZATION_LEVEL = 0;
				GCC_PREPROCESSOR_DEFINITIONS = (
					"DEBUG=1",
					"$(inherited)",
				);
				GCC_WARN_64_TO_32_BIT_CONVERSION = YES;
				GCC_WARN_ABOUT_RETURN_TYPE = YES_ERROR;
				GCC_WARN_UNDECLARED_SELECTOR = YES;
				GCC_WARN_UNINITIALIZED_AUTOS = YES_AGGRESSIVE;
				GCC_WARN_UNUSED_FUNCTION = YES;
				GCC_WARN_UNUSED_VARIABLE = YES;
				IPHONEOS_DEPLOYMENT_TARGET = 14.5;
				MTL_ENABLE_DEBUG_INFO = INCLUDE_SOURCE;
				MTL_FAST_MATH = YES;
				ONLY_ACTIVE_ARCH = YES;
				SDKROOT = iphoneos;
				SWIFT_ACTIVE_COMPILATION_CONDITIONS = DEBUG;
				SWIFT_OPTIMIZATION_LEVEL = "-Onone";
			};
			name = Debug;
		};
		759D327727C879EA00A88C02 /* Release */ = {
			isa = XCBuildConfiguration;
			buildSettings = {
				ALWAYS_SEARCH_USER_PATHS = NO;
				CLANG_ANALYZER_NONNULL = YES;
				CLANG_ANALYZER_NUMBER_OBJECT_CONVERSION = YES_AGGRESSIVE;
				CLANG_CXX_LANGUAGE_STANDARD = "gnu++14";
				CLANG_CXX_LIBRARY = "libc++";
				CLANG_ENABLE_MODULES = YES;
				CLANG_ENABLE_OBJC_ARC = YES;
				CLANG_ENABLE_OBJC_WEAK = YES;
				CLANG_WARN_BLOCK_CAPTURE_AUTORELEASING = YES;
				CLANG_WARN_BOOL_CONVERSION = YES;
				CLANG_WARN_COMMA = YES;
				CLANG_WARN_CONSTANT_CONVERSION = YES;
				CLANG_WARN_DEPRECATED_OBJC_IMPLEMENTATIONS = YES;
				CLANG_WARN_DIRECT_OBJC_ISA_USAGE = YES_ERROR;
				CLANG_WARN_DOCUMENTATION_COMMENTS = YES;
				CLANG_WARN_EMPTY_BODY = YES;
				CLANG_WARN_ENUM_CONVERSION = YES;
				CLANG_WARN_INFINITE_RECURSION = YES;
				CLANG_WARN_INT_CONVERSION = YES;
				CLANG_WARN_NON_LITERAL_NULL_CONVERSION = YES;
				CLANG_WARN_OBJC_IMPLICIT_RETAIN_SELF = YES;
				CLANG_WARN_OBJC_LITERAL_CONVERSION = YES;
				CLANG_WARN_OBJC_ROOT_CLASS = YES_ERROR;
				CLANG_WARN_QUOTED_INCLUDE_IN_FRAMEWORK_HEADER = YES;
				CLANG_WARN_RANGE_LOOP_ANALYSIS = YES;
				CLANG_WARN_STRICT_PROTOTYPES = YES;
				CLANG_WARN_SUSPICIOUS_MOVE = YES;
				CLANG_WARN_UNGUARDED_AVAILABILITY = YES_AGGRESSIVE;
				CLANG_WARN_UNREACHABLE_CODE = YES;
				CLANG_WARN__DUPLICATE_METHOD_MATCH = YES;
				COPY_PHASE_STRIP = NO;
				DEBUG_INFORMATION_FORMAT = "dwarf-with-dsym";
				ENABLE_NS_ASSERTIONS = NO;
				ENABLE_STRICT_OBJC_MSGSEND = YES;
				GCC_C_LANGUAGE_STANDARD = gnu11;
				GCC_NO_COMMON_BLOCKS = YES;
				GCC_WARN_64_TO_32_BIT_CONVERSION = YES;
				GCC_WARN_ABOUT_RETURN_TYPE = YES_ERROR;
				GCC_WARN_UNDECLARED_SELECTOR = YES;
				GCC_WARN_UNINITIALIZED_AUTOS = YES_AGGRESSIVE;
				GCC_WARN_UNUSED_FUNCTION = YES;
				GCC_WARN_UNUSED_VARIABLE = YES;
				IPHONEOS_DEPLOYMENT_TARGET = 14.5;
				MTL_ENABLE_DEBUG_INFO = NO;
				MTL_FAST_MATH = YES;
				SDKROOT = iphoneos;
				SWIFT_COMPILATION_MODE = wholemodule;
				SWIFT_OPTIMIZATION_LEVEL = "-O";
				VALIDATE_PRODUCT = YES;
			};
			name = Release;
		};
		759D327927C879EA00A88C02 /* Debug */ = {
			isa = XCBuildConfiguration;
			baseConfigurationReference = 71BEF133679519B33BEE5990 /* Pods-Thirty.debug.xcconfig */;
			buildSettings = {
				ASSETCATALOG_COMPILER_APPICON_NAME = AppIcon;
				ASSETCATALOG_COMPILER_GLOBAL_ACCENT_COLOR_NAME = AccentColor;
				CODE_SIGN_STYLE = Automatic;
				DEVELOPMENT_TEAM = 2YT3299DFQ;
				INFOPLIST_FILE = Thirty/Info.plist;
				IPHONEOS_DEPLOYMENT_TARGET = 13.4;
				LD_RUNPATH_SEARCH_PATHS = (
					"$(inherited)",
					"@executable_path/Frameworks",
				);
				PRODUCT_BUNDLE_IDENTIFIER = com.sookmyung.Thirty;
				PRODUCT_NAME = "$(TARGET_NAME)";
				SWIFT_VERSION = 5.0;
				TARGETED_DEVICE_FAMILY = "1,2";
			};
			name = Debug;
		};
		759D327A27C879EA00A88C02 /* Release */ = {
			isa = XCBuildConfiguration;
			baseConfigurationReference = BDD038CDF5D2D1A6BE620AA3 /* Pods-Thirty.release.xcconfig */;
			buildSettings = {
				ASSETCATALOG_COMPILER_APPICON_NAME = AppIcon;
				ASSETCATALOG_COMPILER_GLOBAL_ACCENT_COLOR_NAME = AccentColor;
				CODE_SIGN_STYLE = Automatic;
				DEVELOPMENT_TEAM = 2YT3299DFQ;
				INFOPLIST_FILE = Thirty/Info.plist;
				IPHONEOS_DEPLOYMENT_TARGET = 13.4;
				LD_RUNPATH_SEARCH_PATHS = (
					"$(inherited)",
					"@executable_path/Frameworks",
				);
				PRODUCT_BUNDLE_IDENTIFIER = com.sookmyung.Thirty;
				PRODUCT_NAME = "$(TARGET_NAME)";
				SWIFT_VERSION = 5.0;
				TARGETED_DEVICE_FAMILY = "1,2";
			};
			name = Release;
		};
/* End XCBuildConfiguration section */

/* Begin XCConfigurationList section */
		759D325F27C879E900A88C02 /* Build configuration list for PBXProject "Thirty" */ = {
			isa = XCConfigurationList;
			buildConfigurations = (
				759D327627C879EA00A88C02 /* Debug */,
				759D327727C879EA00A88C02 /* Release */,
			);
			defaultConfigurationIsVisible = 0;
			defaultConfigurationName = Release;
		};
		759D327827C879EA00A88C02 /* Build configuration list for PBXNativeTarget "Thirty" */ = {
			isa = XCConfigurationList;
			buildConfigurations = (
				759D327927C879EA00A88C02 /* Debug */,
				759D327A27C879EA00A88C02 /* Release */,
			);
			defaultConfigurationIsVisible = 0;
			defaultConfigurationName = Release;
		};
/* End XCConfigurationList section */
	};
	rootObject = 759D325C27C879E900A88C02 /* Project object */;
}
